
Microsoft Visual Studio Solution File, Format Version 9.00
# Visual C# Express 2005
Project("{FAE04EC0-301F-11D3-BF4B-00C04F79EFBC}") = "ExpSok", "Src\ExpSok.csproj", "{38275335-5BC2-4327-A70F-CFB48CECEBB1}"
EndProject
Project("{FAE04EC0-301F-11D3-BF4B-00C04F79EFBC}") = "Util", "..\RT.Util\Src\RT.Util.csproj", "{8D0FE79C-AD8D-475C-9E6F-9CAE85365B5D}"
EndProject
Project("{FAE04EC0-301F-11D3-BF4B-00C04F79EFBC}") = "Controls", "..\RT.Util\Src\Controls\Controls.csproj", "{40299E02-1D58-4E05-AFBE-DA1550ECC3DB}"
EndProject
Global
	GlobalSection(SolutionConfigurationPlatforms) = preSolution
		Debug|Any CPU = Debug|Any CPU
		Release|Any CPU = Release|Any CPU
	EndGlobalSection
	GlobalSection(ProjectConfigurationPlatforms) = postSolution
		{38275335-5BC2-4327-A70F-CFB48CECEBB1}.Debug|Any CPU.ActiveCfg = Debug|Any CPU
		{38275335-5BC2-4327-A70F-CFB48CECEBB1}.Debug|Any CPU.Build.0 = Debug|Any CPU
		{38275335-5BC2-4327-A70F-CFB48CECEBB1}.Release|Any CPU.ActiveCfg = Release|Any CPU
		{38275335-5BC2-4327-A70F-CFB48CECEBB1}.Release|Any CPU.Build.0 = Release|Any CPU
		{8D0FE79C-AD8D-475C-9E6F-9CAE85365B5D}.Debug|Any CPU.ActiveCfg = Debug|Any CPU
		{8D0FE79C-AD8D-475C-9E6F-9CAE85365B5D}.Debug|Any CPU.Build.0 = Debug|Any CPU
		{8D0FE79C-AD8D-475C-9E6F-9CAE85365B5D}.Release|Any CPU.ActiveCfg = Release|Any CPU
		{8D0FE79C-AD8D-475C-9E6F-9CAE85365B5D}.Release|Any CPU.Build.0 = Release|Any CPU
		{40299E02-1D58-4E05-AFBE-DA1550ECC3DB}.Debug|Any CPU.ActiveCfg = Debug|Any CPU
		{40299E02-1D58-4E05-AFBE-DA1550ECC3DB}.Debug|Any CPU.Build.0 = Debug|Any CPU
		{40299E02-1D58-4E05-AFBE-DA1550ECC3DB}.Release|Any CPU.ActiveCfg = Release|Any CPU
		{40299E02-1D58-4E05-AFBE-DA1550ECC3DB}.Release|Any CPU.Build.0 = Release|Any CPU
	EndGlobalSection
	GlobalSection(SolutionProperties) = preSolution
		HideSolutionNode = FALSE
	EndGlobalSection
EndGlobal
